github.com/alex-shpak/hugo-book v0.0.0-20221102232815-3d2bfec18602 h1:rHEjVUcsRSu+gvJyLH/Eys+QOpDft1hbm10nmR3gpuc=
github.com/alex-shpak/hugo-book v0.0.0-20221102232815-3d2bfec18602/go.mod h1:L4NMyzbn15fpLIpmmtDg9ZFFyTZzw87/lk7M2bMQ7ds=
github.com/alex-shpak/hugo-book v0.0.0-20230808113920-3f1bcccbfb24 h1:8NjMYBSFTtBLeT1VmpZAZznPOt1OH8aNCnE86sL4p4k=
github.com/alex-shpak/hugo-book v0.0.0-20230808113920-3f1bcccbfb24/go.mod h1:L4NMyzbn15fpLIpmmtDg9ZFFyTZzw87/lk7M2bMQ7ds=
github.com/alex-shpak/hugo-book v0.0.0-20240110114024-5e15ddb4f430 h1:e5/uBJcf5oZ0O44q4XKV8D7Vvsk7DwucsaBCvT7BLL0=
github.com/alex-shpak/hugo-book v0.0.0-20240110114024-5e15ddb4f430/go.mod h1:L4NMyzbn15fpLIpmmtDg9ZFFyTZzw87/lk7M2bMQ7ds=
github.com/alex-shpak/hugo-book v0.0.0-20250407134204-115a94122eaf h1:UcZjn5sxFbm/gDHeRJArv20FvuzBNn8p2nJZ+7yeHh8=
github.com/alex-shpak/hugo-book v0.0.0-20250407134204-115a94122eaf/go.mod h1:L4NMyzbn15fpLIpmmtDg9ZFFyTZzw87/lk7M2bMQ7ds=
